
Microsoft Visual Studio Solution File, Format Version 12.00
# Visual Studio Version 17
VisualStudioVersion = 17.5.33414.496
MinimumVisualStudioVersion = 10.0.40219.1
Project("{FAE04EC0-301F-11D3-BF4B-00C04F79EFBC}") = "MVCAppApi", "MVCAppApi\MVCAppApi.csproj", "{2C90D89B-07CA-4FB0-87F0-963AB1BC2B90}"
EndProject
Global
	GlobalSection(SolutionConfigurationPlatforms) = preSolution
		Debug|Any CPU = Debug|Any CPU
		Release|Any CPU = Release|Any CPU
	EndGlobalSection
	GlobalSection(ProjectConfigurationPlatforms) = postSolution
		{2C90D89B-07CA-4FB0-87F0-963AB1BC2B90}.Debug|Any CPU.ActiveCfg = Debug|Any CPU
		{2C90D89B-07CA-4FB0-87F0-963AB1BC2B90}.Debug|Any CPU.Build.0 = Debug|Any CPU
		{2C90D89B-07CA-4FB0-87F0-963AB1BC2B90}.Release|Any CPU.ActiveCfg = Release|Any CPU
		{2C90D89B-07CA-4FB0-87F0-963AB1BC2B90}.Release|Any CPU.Build.0 = Release|Any CPU
	EndGlobalSection
	GlobalSection(SolutionProperties) = preSolution
		HideSolutionNode = FALSE
	EndGlobalSection
	GlobalSection(ExtensibilityGlobals) = postSolution
		SolutionGuid = {40E513C7-F316-4795-BFC7-36FA94511AA0}
	EndGlobalSection
EndGlobal
